
Microsoft Visual Studio Solution File, Format Version 12.00
# Visual Studio 15
VisualStudioVersion = 15.0.27130.2036
MinimumVisualStudioVersion = 10.0.40219.1
Project("{FAE04EC0-301F-11D3-BF4B-00C04F79EFBC}") = "ecommerce.Android", "XF_Login\XF_Login.Android\ecommerce.Android.csproj", "{3FC6E3D1-F573-40D2-8940-B803B948F79B}"
EndProject
Project("{FAE04EC0-301F-11D3-BF4B-00C04F79EFBC}") = "ecommerce", "XF_Login\XF_Login\ecommerce.csproj", "{F5A2E273-B785-4C47-BFAD-3772E6462CF9}"
EndProject
Project("{FAE04EC0-301F-11D3-BF4B-00C04F79EFBC}") = "ecommerce.UWP", "XF_Login\XF_Login.UWP\ecommerce.UWP.csproj", "{5BD160F6-817D-4407-B30D-2272686C92FC}"
EndProject
Project("{FAE04EC0-301F-11D3-BF4B-00C04F79EFBC}") = "ecommerce.iOS", "XF_Login\XF_Login.iOS\ecommerce.iOS.csproj", "{C342C235-FEAF-4172-83DB-2FDE6FE7C600}"
EndProject
Global
	GlobalSection(SolutionConfigurationPlatforms) = preSolution
		Ad-Hoc|Any CPU = Ad-Hoc|Any CPU
		Ad-Hoc|ARM = Ad-Hoc|ARM
		Ad-Hoc|iPhone = Ad-Hoc|iPhone
		Ad-Hoc|iPhoneSimulator = Ad-Hoc|iPhoneSimulator
		Ad-Hoc|x64 = Ad-Hoc|x64
		Ad-Hoc|x86 = Ad-Hoc|x86
		AppStore|Any CPU = AppStore|Any CPU
		AppStore|ARM = AppStore|ARM
		AppStore|iPhone = AppStore|iPhone
		AppStore|iPhoneSimulator = AppStore|iPhoneSimulator
		AppStore|x64 = AppStore|x64
		AppStore|x86 = AppStore|x86
		Debug|Any CPU = Debug|Any CPU
		Debug|ARM = Debug|ARM
		Debug|iPhone = Debug|iPhone
		Debug|iPhoneSimulator = Debug|iPhoneSimulator
		Debug|x64 = Debug|x64
		Debug|x86 = Debug|x86
		Release|Any CPU = Release|Any CPU
		Release|ARM = Release|ARM
		Release|iPhone = Release|iPhone
		Release|iPhoneSimulator = Release|iPhoneSimulator
		Release|x64 = Release|x64
		Release|x86 = Release|x86
	EndGlobalSection
	GlobalSection(ProjectConfigurationPlatforms) = postSolution
		{3FC6E3D1-F573-40D2-8940-B803B948F79B}.Ad-Hoc|Any CPU.ActiveCfg = Release|Any CPU
		{3FC6E3D1-F573-40D2-8940-B803B948F79B}.Ad-Hoc|Any CPU.Build.0 = Release|Any CPU
		{3FC6E3D1-F573-40D2-8940-B803B948F79B}.Ad-Hoc|Any CPU.Deploy.0 = Release|Any CPU
		{3FC6E3D1-F573-40D2-8940-B803B948F79B}.Ad-Hoc|ARM.ActiveCfg = Release|Any CPU
		{3FC6E3D1-F573-40D2-8940-B803B948F79B}.Ad-Hoc|ARM.Build.0 = Release|Any CPU
		{3FC6E3D1-F573-40D2-8940-B803B948F79B}.Ad-Hoc|ARM.Deploy.0 = Release|Any CPU
		{3FC6E3D1-F573-40D2-8940-B803B948F79B}.Ad-Hoc|iPhone.ActiveCfg = Release|Any CPU
		{3FC6E3D1-F573-40D2-8940-B803B948F79B}.Ad-Hoc|iPhone.Build.0 = Release|Any CPU
		{3FC6E3D1-F573-40D2-8940-B803B948F79B}.Ad-Hoc|iPhone.Deploy.0 = Release|Any CPU
		{3FC6E3D1-F573-40D2-8940-B803B948F79B}.Ad-Hoc|iPhoneSimulator.ActiveCfg = Release|Any CPU
		{3FC6E3D1-F573-40D2-8940-B803B948F79B}.Ad-Hoc|iPhoneSimulator.Build.0 = Release|Any CPU
		{3FC6E3D1-F573-40D2-8940-B803B948F79B}.Ad-Hoc|iPhoneSimulator.Deploy.0 = Release|Any CPU
		{3FC6E3D1-F573-40D2-8940-B803B948F79B}.Ad-Hoc|x64.ActiveCfg = Release|Any CPU
		{3FC6E3D1-F573-40D2-8940-B803B948F79B}.Ad-Hoc|x64.Build.0 = Release|Any CPU
		{3FC6E3D1-F573-40D2-8940-B803B948F79B}.Ad-Hoc|x64.Deploy.0 = Release|Any CPU
		{3FC6E3D1-F573-40D2-8940-B803B948F79B}.Ad-Hoc|x86.ActiveCfg = Release|Any CPU
		{3FC6E3D1-F573-40D2-8940-B803B948F79B}.Ad-Hoc|x86.Build.0 = Release|Any CPU
		{3FC6E3D1-F573-40D2-8940-B803B948F79B}.Ad-Hoc|x86.Deploy.0 = Release|Any CPU
		{3FC6E3D1-F573-40D2-8940-B803B948F79B}.AppStore|Any CPU.ActiveCfg = Release|Any CPU
		{3FC6E3D1-F573-40D2-8940-B803B948F79B}.AppStore|Any CPU.Build.0 = Release|Any CPU
		{3FC6E3D1-F573-40D2-8940-B803B948F79B}.AppStore|Any CPU.Deploy.0 = Release|Any CPU
		{3FC6E3D1-F573-40D2-8940-B803B948F79B}.AppStore|ARM.ActiveCfg = Release|Any CPU
		{3FC6E3D1-F573-40D2-8940-B803B948F79B}.AppStore|ARM.Build.0 = Release|Any CPU
		{3FC6E3D1-F573-40D2-8940-B803B948F79B}.AppStore|ARM.Deploy.0 = Release|Any CPU
		{3FC6E3D1-F573-40D2-8940-B803B948F79B}.AppStore|iPhone.ActiveCfg = Release|Any CPU
		{3FC6E3D1-F573-40D2-8940-B803B948F79B}.AppStore|iPhone.Build.0 = Release|Any CPU
		{3FC6E3D1-F573-40D2-8940-B803B948F79B}.AppStore|iPhone.Deploy.0 = Release|Any CPU
		{3FC6E3D1-F573-40D2-8940-B803B948F79B}.AppStore|iPhoneSimulator.ActiveCfg = Release|Any CPU
		{3FC6E3D1-F573-40D2-8940-B803B948F79B}.AppStore|iPhoneSimulator.Build.0 = Release|Any CPU
		{3FC6E3D1-F573-40D2-8940-B803B948F79B}.AppStore|iPhoneSimulator.Deploy.0 = Release|Any CPU
		{3FC6E3D1-F573-40D2-8940-B803B948F79B}.AppStore|x64.ActiveCfg = Release|Any CPU
		{3FC6E3D1-F573-40D2-8940-B803B948F79B}.AppStore|x64.Build.0 = Release|Any CPU
		{3FC6E3D1-F573-40D2-8940-B803B948F79B}.AppStore|x64.Deploy.0 = Release|Any CPU
		{3FC6E3D1-F573-40D2-8940-B803B948F79B}.AppStore|x86.ActiveCfg = Release|Any CPU
		{3FC6E3D1-F573-40D2-8940-B803B948F79B}.AppStore|x86.Build.0 = Release|Any CPU
		{3FC6E3D1-F573-40D2-8940-B803B948F79B}.AppStore|x86.Deploy.0 = Release|Any CPU
		{3FC6E3D1-F573-40D2-8940-B803B948F79B}.Debug|Any CPU.ActiveCfg = Debug|Any CPU
		{3FC6E3D1-F573-40D2-8940-B803B948F79B}.Debug|Any CPU.Build.0 = Debug|Any CPU
		{3FC6E3D1-F573-40D2-8940-B803B948F79B}.Debug|Any CPU.Deploy.0 = Debug|Any CPU
		{3FC6E3D1-F573-40D2-8940-B803B948F79B}.Debug|ARM.ActiveCfg = Debug|Any CPU
		{3FC6E3D1-F573-40D2-8940-B803B948F79B}.Debug|ARM.Build.0 = Debug|Any CPU
		{3FC6E3D1-F573-40D2-8940-B803B948F79B}.Debug|ARM.Deploy.0 = Debug|Any CPU
		{3FC6E3D1-F573-40D2-8940-B803B948F79B}.Debug|iPhone.ActiveCfg = Debug|Any CPU
		{3FC6E3D1-F573-40D2-8940-B803B948F79B}.Debug|iPhone.Build.0 = Debug|Any CPU
		{3FC6E3D1-F573-40D2-8940-B803B948F79B}.Debug|iPhone.Deploy.0 = Debug|Any CPU
		{3FC6E3D1-F573-40D2-8940-B803B948F79B}.Debug|iPhoneSimulator.ActiveCfg = Debug|Any CPU
		{3FC6E3D1-F573-40D2-8940-B803B948F79B}.Debug|iPhoneSimulator.Build.0 = Debug|Any CPU
		{3FC6E3D1-F573-40D2-8940-B803B948F79B}.Debug|iPhoneSimulator.Deploy.0 = Debug|Any CPU
		{3FC6E3D1-F573-40D2-8940-B803B948F79B}.Debug|x64.ActiveCfg = Debug|Any CPU
		{3FC6E3D1-F573-40D2-8940-B803B948F79B}.Debug|x64.Build.0 = Debug|Any CPU
		{3FC6E3D1-F573-40D2-8940-B803B948F79B}.Debug|x64.Deploy.0 = Debug|Any CPU
		{3FC6E3D1-F573-40D2-8940-B803B948F79B}.Debug|x86.ActiveCfg = Debug|Any CPU
		{3FC6E3D1-F573-40D2-8940-B803B948F79B}.Debug|x86.Build.0 = Debug|Any CPU
		{3FC6E3D1-F573-40D2-8940-B803B948F79B}.Debug|x86.Deploy.0 = Debug|Any CPU
		{3FC6E3D1-F573-40D2-8940-B803B948F79B}.Release|Any CPU.ActiveCfg = Release|Any CPU
		{3FC6E3D1-F573-40D2-8940-B803B948F79B}.Release|Any CPU.Build.0 = Release|Any CPU
		{3FC6E3D1-F573-40D2-8940-B803B948F79B}.Release|Any CPU.Deploy.0 = Release|Any CPU
		{3FC6E3D1-F573-40D2-8940-B803B948F79B}.Release|ARM.ActiveCfg = Release|Any CPU
		{3FC6E3D1-F573-40D2-8940-B803B948F79B}.Release|ARM.Build.0 = Release|Any CPU
		{3FC6E3D1-F573-40D2-8940-B803B948F79B}.Release|ARM.Deploy.0 = Release|Any CPU
		{3FC6E3D1-F573-40D2-8940-B803B948F79B}.Release|iPhone.ActiveCfg = Release|Any CPU
		{3FC6E3D1-F573-40D2-8940-B803B948F79B}.Release|iPhone.Build.0 = Release|Any CPU
		{3FC6E3D1-F573-40D2-8940-B803B948F79B}.Release|iPhone.Deploy.0 = Release|Any CPU
		{3FC6E3D1-F573-40D2-8940-B803B948F79B}.Release|iPhoneSimulator.ActiveCfg = Release|Any CPU
		{3FC6E3D1-F573-40D2-8940-B803B948F79B}.Release|iPhoneSimulator.Build.0 = Release|Any CPU
		{3FC6E3D1-F573-40D2-8940-B803B948F79B}.Release|iPhoneSimulator.Deploy.0 = Release|Any CPU
		{3FC6E3D1-F573-40D2-8940-B803B948F79B}.Release|x64.ActiveCfg = Release|Any CPU
		{3FC6E3D1-F573-40D2-8940-B803B948F79B}.Release|x64.Build.0 = Release|Any CPU
		{3FC6E3D1-F573-40D2-8940-B803B948F79B}.Release|x64.Deploy.0 = Release|Any CPU
		{3FC6E3D1-F573-40D2-8940-B803B948F79B}.Release|x86.ActiveCfg = Release|Any CPU
		{3FC6E3D1-F573-40D2-8940-B803B948F79B}.Release|x86.Build.0 = Release|Any CPU
		{3FC6E3D1-F573-40D2-8940-B803B948F79B}.Release|x86.Deploy.0 = Release|Any CPU
		{F5A2E273-B785-4C47-BFAD-3772E6462CF9}.Ad-Hoc|Any CPU.ActiveCfg = Release|Any CPU
		{F5A2E273-B785-4C47-BFAD-3772E6462CF9}.Ad-Hoc|Any CPU.Build.0 = Release|Any CPU
		{F5A2E273-B785-4C47-BFAD-3772E6462CF9}.Ad-Hoc|ARM.ActiveCfg = Release|Any CPU
		{F5A2E273-B785-4C47-BFAD-3772E6462CF9}.Ad-Hoc|ARM.Build.0 = Release|Any CPU
		{F5A2E273-B785-4C47-BFAD-3772E6462CF9}.Ad-Hoc|iPhone.ActiveCfg = Release|Any CPU
		{F5A2E273-B785-4C47-BFAD-3772E6462CF9}.Ad-Hoc|iPhone.Build.0 = Release|Any CPU
		{F5A2E273-B785-4C47-BFAD-3772E6462CF9}.Ad-Hoc|iPhoneSimulator.ActiveCfg = Release|Any CPU
		{F5A2E273-B785-4C47-BFAD-3772E6462CF9}.Ad-Hoc|iPhoneSimulator.Build.0 = Release|Any CPU
		{F5A2E273-B785-4C47-BFAD-3772E6462CF9}.Ad-Hoc|x64.ActiveCfg = Release|Any CPU
		{F5A2E273-B785-4C47-BFAD-3772E6462CF9}.Ad-Hoc|x64.Build.0 = Release|Any CPU
		{F5A2E273-B785-4C47-BFAD-3772E6462CF9}.Ad-Hoc|x86.ActiveCfg = Release|Any CPU
		{F5A2E273-B785-4C47-BFAD-3772E6462CF9}.Ad-Hoc|x86.Build.0 = Release|Any CPU
		{F5A2E273-B785-4C47-BFAD-3772E6462CF9}.AppStore|Any CPU.ActiveCfg = Release|Any CPU
		{F5A2E273-B785-4C47-BFAD-3772E6462CF9}.AppStore|Any CPU.Build.0 = Release|Any CPU
		{F5A2E273-B785-4C47-BFAD-3772E6462CF9}.AppStore|ARM.ActiveCfg = Release|Any CPU
		{F5A2E273-B785-4C47-BFAD-3772E6462CF9}.AppStore|ARM.Build.0 = Release|Any CPU
		{F5A2E273-B785-4C47-BFAD-3772E6462CF9}.AppStore|iPhone.ActiveCfg = Release|Any CPU
		{F5A2E273-B785-4C47-BFAD-3772E6462CF9}.AppStore|iPhone.Build.0 = Release|Any CPU
		{F5A2E273-B785-4C47-BFAD-3772E6462CF9}.AppStore|iPhoneSimulator.ActiveCfg = Release|Any CPU
		{F5A2E273-B785-4C47-BFAD-3772E6462CF9}.AppStore|iPhoneSimulator.Build.0 = Release|Any CPU
		{F5A2E273-B785-4C47-BFAD-3772E6462CF9}.AppStore|x64.ActiveCfg = Release|Any CPU
		{F5A2E273-B785-4C47-BFAD-3772E6462CF9}.AppStore|x64.Build.0 = Release|Any CPU
		{F5A2E273-B785-4C47-BFAD-3772E6462CF9}.AppStore|x86.ActiveCfg = Release|Any CPU
		{F5A2E273-B785-4C47-BFAD-3772E6462CF9}.AppStore|x86.Build.0 = Release|Any CPU
		{F5A2E273-B785-4C47-BFAD-3772E6462CF9}.Debug|Any CPU.ActiveCfg = Debug|Any CPU
		{F5A2E273-B785-4C47-BFAD-3772E6462CF9}.Debug|Any CPU.Build.0 = Debug|Any CPU
		{F5A2E273-B785-4C47-BFAD-3772E6462CF9}.Debug|ARM.ActiveCfg = Debug|Any CPU
		{F5A2E273-B785-4C47-BFAD-3772E6462CF9}.Debug|ARM.Build.0 = Debug|Any CPU
		{F5A2E273-B785-4C47-BFAD-3772E6462CF9}.Debug|iPhone.ActiveCfg = Debug|Any CPU
		{F5A2E273-B785-4C47-BFAD-3772E6462CF9}.Debug|iPhone.Build.0 = Debug|Any CPU
		{F5A2E273-B785-4C47-BFAD-3772E6462CF9}.Debug|iPhoneSimulator.ActiveCfg = Debug|Any CPU
		{F5A2E273-B785-4C47-BFAD-3772E6462CF9}.Debug|iPhoneSimulator.Build.0 = Debug|Any CPU
		{F5A2E273-B785-4C47-BFAD-3772E6462CF9}.Debug|x64.ActiveCfg = Debug|Any CPU
		{F5A2E273-B785-4C47-BFAD-3772E6462CF9}.Debug|x64.Build.0 = Debug|Any CPU
		{F5A2E273-B785-4C47-BFAD-3772E6462CF9}.Debug|x86.ActiveCfg = Debug|Any CPU
		{F5A2E273-B785-4C47-BFAD-3772E6462CF9}.Debug|x86.Build.0 = Debug|Any CPU
		{F5A2E273-B785-4C47-BFAD-3772E6462CF9}.Release|Any CPU.ActiveCfg = Release|Any CPU
		{F5A2E273-B785-4C47-BFAD-3772E6462CF9}.Release|Any CPU.Build.0 = Release|Any CPU
		{F5A2E273-B785-4C47-BFAD-3772E6462CF9}.Release|ARM.ActiveCfg = Release|Any CPU
		{F5A2E273-B785-4C47-BFAD-3772E6462CF9}.Release|ARM.Build.0 = Release|Any CPU
		{F5A2E273-B785-4C47-BFAD-3772E6462CF9}.Release|iPhone.ActiveCfg = Release|Any CPU
		{F5A2E273-B785-4C47-BFAD-3772E6462CF9}.Release|iPhone.Build.0 = Release|Any CPU
		{F5A2E273-B785-4C47-BFAD-3772E6462CF9}.Release|iPhoneSimulator.ActiveCfg = Release|Any CPU
		{F5A2E273-B785-4C47-BFAD-3772E6462CF9}.Release|iPhoneSimulator.Build.0 = Release|Any CPU
		{F5A2E273-B785-4C47-BFAD-3772E6462CF9}.Release|x64.ActiveCfg = Release|Any CPU
		{F5A2E273-B785-4C47-BFAD-3772E6462CF9}.Release|x64.Build.0 = Release|Any CPU
		{F5A2E273-B785-4C47-BFAD-3772E6462CF9}.Release|x86.ActiveCfg = Release|Any CPU
		{F5A2E273-B785-4C47-BFAD-3772E6462CF9}.Release|x86.Build.0 = Release|Any CPU
		{5BD160F6-817D-4407-B30D-2272686C92FC}.Ad-Hoc|Any CPU.ActiveCfg = Release|x86
		{5BD160F6-817D-4407-B30D-2272686C92FC}.Ad-Hoc|Any CPU.Build.0 = Release|x86
		{5BD160F6-817D-4407-B30D-2272686C92FC}.Ad-Hoc|Any CPU.Deploy.0 = Release|x86
		{5BD160F6-817D-4407-B30D-2272686C92FC}.Ad-Hoc|ARM.ActiveCfg = Release|ARM
		{5BD160F6-817D-4407-B30D-2272686C92FC}.Ad-Hoc|ARM.Build.0 = Release|ARM
		{5BD160F6-817D-4407-B30D-2272686C92FC}.Ad-Hoc|ARM.Deploy.0 = Release|ARM
		{5BD160F6-817D-4407-B30D-2272686C92FC}.Ad-Hoc|iPhone.ActiveCfg = Release|x86
		{5BD160F6-817D-4407-B30D-2272686C92FC}.Ad-Hoc|iPhone.Build.0 = Release|x86
		{5BD160F6-817D-4407-B30D-2272686C92FC}.Ad-Hoc|iPhone.Deploy.0 = Release|x86
		{5BD160F6-817D-4407-B30D-2272686C92FC}.Ad-Hoc|iPhoneSimulator.ActiveCfg = Release|x86
		{5BD160F6-817D-4407-B30D-2272686C92FC}.Ad-Hoc|iPhoneSimulator.Build.0 = Release|x86
		{5BD160F6-817D-4407-B30D-2272686C92FC}.Ad-Hoc|iPhoneSimulator.Deploy.0 = Release|x86
		{5BD160F6-817D-4407-B30D-2272686C92FC}.Ad-Hoc|x64.ActiveCfg = Release|x64
		{5BD160F6-817D-4407-B30D-2272686C92FC}.Ad-Hoc|x64.Build.0 = Release|x64
		{5BD160F6-817D-4407-B30D-2272686C92FC}.Ad-Hoc|x64.Deploy.0 = Release|x64
		{5BD160F6-817D-4407-B30D-2272686C92FC}.Ad-Hoc|x86.ActiveCfg = Release|x86
		{5BD160F6-817D-4407-B30D-2272686C92FC}.Ad-Hoc|x86.Build.0 = Release|x86
		{5BD160F6-817D-4407-B30D-2272686C92FC}.Ad-Hoc|x86.Deploy.0 = Release|x86
		{5BD160F6-817D-4407-B30D-2272686C92FC}.AppStore|Any CPU.ActiveCfg = Release|x86
		{5BD160F6-817D-4407-B30D-2272686C92FC}.AppStore|Any CPU.Build.0 = Release|x86
		{5BD160F6-817D-4407-B30D-2272686C92FC}.AppStore|Any CPU.Deploy.0 = Release|x86
		{5BD160F6-817D-4407-B30D-2272686C92FC}.AppStore|ARM.ActiveCfg = Release|ARM
		{5BD160F6-817D-4407-B30D-2272686C92FC}.AppStore|ARM.Build.0 = Release|ARM
		{5BD160F6-817D-4407-B30D-2272686C92FC}.AppStore|ARM.Deploy.0 = Release|ARM
		{5BD160F6-817D-4407-B30D-2272686C92FC}.AppStore|iPhone.ActiveCfg = Release|x86
		{5BD160F6-817D-4407-B30D-2272686C92FC}.AppStore|iPhone.Build.0 = Release|x86
		{5BD160F6-817D-4407-B30D-2272686C92FC}.AppStore|iPhone.Deploy.0 = Release|x86
		{5BD160F6-817D-4407-B30D-2272686C92FC}.AppStore|iPhoneSimulator.ActiveCfg = Release|x86
		{5BD160F6-817D-4407-B30D-2272686C92FC}.AppStore|iPhoneSimulator.Build.0 = Release|x86
		{5BD160F6-817D-4407-B30D-2272686C92FC}.AppStore|iPhoneSimulator.Deploy.0 = Release|x86
		{5BD160F6-817D-4407-B30D-2272686C92FC}.AppStore|x64.ActiveCfg = Release|x64
		{5BD160F6-817D-4407-B30D-2272686C92FC}.AppStore|x64.Build.0 = Release|x64
		{5BD160F6-817D-4407-B30D-2272686C92FC}.AppStore|x64.Deploy.0 = Release|x64
		{5BD160F6-817D-4407-B30D-2272686C92FC}.AppStore|x86.ActiveCfg = Release|x86
		{5BD160F6-817D-4407-B30D-2272686C92FC}.AppStore|x86.Build.0 = Release|x86
		{5BD160F6-817D-4407-B30D-2272686C92FC}.AppStore|x86.Deploy.0 = Release|x86
		{5BD160F6-817D-4407-B30D-2272686C92FC}.Debug|Any CPU.ActiveCfg = Debug|x86
		{5BD160F6-817D-4407-B30D-2272686C92FC}.Debug|ARM.ActiveCfg = Debug|ARM
		{5BD160F6-817D-4407-B30D-2272686C92FC}.Debug|ARM.Build.0 = Debug|ARM
		{5BD160F6-817D-4407-B30D-2272686C92FC}.Debug|ARM.Deploy.0 = Debug|ARM
		{5BD160F6-817D-4407-B30D-2272686C92FC}.Debug|iPhone.ActiveCfg = Debug|x86
		{5BD160F6-817D-4407-B30D-2272686C92FC}.Debug|iPhoneSimulator.ActiveCfg = Debug|x86
		{5BD160F6-817D-4407-B30D-2272686C92FC}.Debug|x64.ActiveCfg = Debug|x64
		{5BD160F6-817D-4407-B30D-2272686C92FC}.Debug|x64.Build.0 = Debug|x64
		{5BD160F6-817D-4407-B30D-2272686C92FC}.Debug|x64.Deploy.0 = Debug|x64
		{5BD160F6-817D-4407-B30D-2272686C92FC}.Debug|x86.ActiveCfg = Debug|x86
		{5BD160F6-817D-4407-B30D-2272686C92FC}.Debug|x86.Build.0 = Debug|x86
		{5BD160F6-817D-4407-B30D-2272686C92FC}.Debug|x86.Deploy.0 = Debug|x86
		{5BD160F6-817D-4407-B30D-2272686C92FC}.Release|Any CPU.ActiveCfg = Release|x86
		{5BD160F6-817D-4407-B30D-2272686C92FC}.Release|ARM.ActiveCfg = Release|ARM
		{5BD160F6-817D-4407-B30D-2272686C92FC}.Release|ARM.Build.0 = Release|ARM
		{5BD160F6-817D-4407-B30D-2272686C92FC}.Release|ARM.Deploy.0 = Release|ARM
		{5BD160F6-817D-4407-B30D-2272686C92FC}.Release|iPhone.ActiveCfg = Release|x86
		{5BD160F6-817D-4407-B30D-2272686C92FC}.Release|iPhoneSimulator.ActiveCfg = Release|x86
		{5BD160F6-817D-4407-B30D-2272686C92FC}.Release|x64.ActiveCfg = Release|x64
		{5BD160F6-817D-4407-B30D-2272686C92FC}.Release|x64.Build.0 = Release|x64
		{5BD160F6-817D-4407-B30D-2272686C92FC}.Release|x64.Deploy.0 = Release|x64
		{5BD160F6-817D-4407-B30D-2272686C92FC}.Release|x86.ActiveCfg = Release|x86
		{5BD160F6-817D-4407-B30D-2272686C92FC}.Release|x86.Build.0 = Release|x86
		{5BD160F6-817D-4407-B30D-2272686C92FC}.Release|x86.Deploy.0 = Release|x86
		{C342C235-FEAF-4172-83DB-2FDE6FE7C600}.Ad-Hoc|Any CPU.ActiveCfg = Ad-Hoc|iPhoneSimulator
		{C342C235-FEAF-4172-83DB-2FDE6FE7C600}.Ad-Hoc|ARM.ActiveCfg = Ad-Hoc|iPhone
		{C342C235-FEAF-4172-83DB-2FDE6FE7C600}.Ad-Hoc|iPhone.ActiveCfg = Ad-Hoc|iPhone
		{C342C235-FEAF-4172-83DB-2FDE6FE7C600}.Ad-Hoc|iPhone.Build.0 = Ad-Hoc|iPhone
		{C342C235-FEAF-4172-83DB-2FDE6FE7C600}.Ad-Hoc|iPhoneSimulator.ActiveCfg = Ad-Hoc|iPhoneSimulator
		{C342C235-FEAF-4172-83DB-2FDE6FE7C600}.Ad-Hoc|iPhoneSimulator.Build.0 = Ad-Hoc|iPhoneSimulator
		{C342C235-FEAF-4172-83DB-2FDE6FE7C600}.Ad-Hoc|x64.ActiveCfg = Ad-Hoc|iPhone
		{C342C235-FEAF-4172-83DB-2FDE6FE7C600}.Ad-Hoc|x86.ActiveCfg = Ad-Hoc|iPhone
		{C342C235-FEAF-4172-83DB-2FDE6FE7C600}.AppStore|Any CPU.ActiveCfg = AppStore|iPhoneSimulator
		{C342C235-FEAF-4172-83DB-2FDE6FE7C600}.AppStore|ARM.ActiveCfg = AppStore|iPhone
		{C342C235-FEAF-4172-83DB-2FDE6FE7C600}.AppStore|iPhone.ActiveCfg = AppStore|iPhone
		{C342C235-FEAF-4172-83DB-2FDE6FE7C600}.AppStore|iPhone.Build.0 = AppStore|iPhone
		{C342C235-FEAF-4172-83DB-2FDE6FE7C600}.AppStore|iPhoneSimulator.ActiveCfg = AppStore|iPhoneSimulator
		{C342C235-FEAF-4172-83DB-2FDE6FE7C600}.AppStore|iPhoneSimulator.Build.0 = AppStore|iPhoneSimulator
		{C342C235-FEAF-4172-83DB-2FDE6FE7C600}.AppStore|x64.ActiveCfg = AppStore|iPhone
		{C342C235-FEAF-4172-83DB-2FDE6FE7C600}.AppStore|x86.ActiveCfg = AppStore|iPhone
		{C342C235-FEAF-4172-83DB-2FDE6FE7C600}.Debug|Any CPU.ActiveCfg = Debug|iPhoneSimulator
		{C342C235-FEAF-4172-83DB-2FDE6FE7C600}.Debug|ARM.ActiveCfg = Debug|iPhone
		{C342C235-FEAF-4172-83DB-2FDE6FE7C600}.Debug|iPhone.ActiveCfg = Debug|iPhone
		{C342C235-FEAF-4172-83DB-2FDE6FE7C600}.Debug|iPhone.Build.0 = Debug|iPhone
		{C342C235-FEAF-4172-83DB-2FDE6FE7C600}.Debug|iPhoneSimulator.ActiveCfg = Debug|iPhoneSimulator
		{C342C235-FEAF-4172-83DB-2FDE6FE7C600}.Debug|iPhoneSimulator.Build.0 = Debug|iPhoneSimulator
		{C342C235-FEAF-4172-83DB-2FDE6FE7C600}.Debug|x64.ActiveCfg = Debug|iPhone
		{C342C235-FEAF-4172-83DB-2FDE6FE7C600}.Debug|x86.ActiveCfg = Debug|iPhone
		{C342C235-FEAF-4172-83DB-2FDE6FE7C600}.Release|Any CPU.ActiveCfg = Release|iPhoneSimulator
		{C342C235-FEAF-4172-83DB-2FDE6FE7C600}.Release|ARM.ActiveCfg = Release|iPhone
		{C342C235-FEAF-4172-83DB-2FDE6FE7C600}.Release|iPhone.ActiveCfg = Release|iPhone
		{C342C235-FEAF-4172-83DB-2FDE6FE7C600}.Release|iPhone.Build.0 = Release|iPhone
		{C342C235-FEAF-4172-83DB-2FDE6FE7C600}.Release|iPhoneSimulator.ActiveCfg = Release|iPhoneSimulator
		{C342C235-FEAF-4172-83DB-2FDE6FE7C600}.Release|iPhoneSimulator.Build.0 = Release|iPhoneSimulator
		{C342C235-FEAF-4172-83DB-2FDE6FE7C600}.Release|x64.ActiveCfg = Release|iPhone
		{C342C235-FEAF-4172-83DB-2FDE6FE7C600}.Release|x86.ActiveCfg = Release|iPhone
	EndGlobalSection
	GlobalSection(SolutionProperties) = preSolution
		HideSolutionNode = FALSE
	EndGlobalSection
	GlobalSection(ExtensibilityGlobals) = postSolution
		SolutionGuid = {8D952D22-2CFB-438B-B474-8D11B3007060}
	EndGlobalSection
EndGlobal
